
Microsoft Visual Studio Solution File, Format Version 12.00
# Visual Studio Version 17
VisualStudioVersion = 17.5.33424.131
MinimumVisualStudioVersion = 10.0.40219.1
Project("{FAE04EC0-301F-11D3-BF4B-00C04F79EFBC}") = "09.03.23_HW", "09.03.23_HW\09.03.23_HW.csproj", "{4CB259C5-C852-4928-8D8A-27827546E778}"
EndProject
Global
	GlobalSection(SolutionConfigurationPlatforms) = preSolution
		Debug|Any CPU = Debug|Any CPU
		Release|Any CPU = Release|Any CPU
	EndGlobalSection
	GlobalSection(ProjectConfigurationPlatforms) = postSolution
		{4CB259C5-C852-4928-8D8A-27827546E778}.Debug|Any CPU.ActiveCfg = Debug|Any CPU
		{4CB259C5-C852-4928-8D8A-27827546E778}.Debug|Any CPU.Build.0 = Debug|Any CPU
		{4CB259C5-C852-4928-8D8A-27827546E778}.Release|Any CPU.ActiveCfg = Release|Any CPU
		{4CB259C5-C852-4928-8D8A-27827546E778}.Release|Any CPU.Build.0 = Release|Any CPU
	EndGlobalSection
	GlobalSection(SolutionProperties) = preSolution
		HideSolutionNode = FALSE
	EndGlobalSection
	GlobalSection(ExtensibilityGlobals) = postSolution
		SolutionGuid = {20B4AD6B-5BA7-4786-9194-2E493DC1AA64}
	EndGlobalSection
EndGlobal
